
Microsoft Visual Studio Solution File, Format Version 12.00
# Visual Studio Version 17
VisualStudioVersion = 17.0.31903.59
MinimumVisualStudioVersion = 10.0.40219.1
Project("{9A19103F-16F7-4668-BE54-9A1E7A4F7556}") = "AoCBlazor", "AoCBlazor\AoCBlazor.csproj", "{8528AC28-C074-4221-B0B6-1953F4F5D675}"
EndProject
Project("{2150E333-8FDC-42A3-9474-1A3956D46DE8}") = "SolutionItems", "SolutionItems", "{1E20A805-1DAE-47DF-98FD-962F6D852135}"
	ProjectSection(SolutionItems) = preProject
		..\.github\workflows\main.yml = ..\.github\workflows\main.yml
	EndProjectSection
EndProject
Global
	GlobalSection(SolutionConfigurationPlatforms) = preSolution
		Debug|Any CPU = Debug|Any CPU
		Release|Any CPU = Release|Any CPU
	EndGlobalSection
	GlobalSection(ProjectConfigurationPlatforms) = postSolution
		{8528AC28-C074-4221-B0B6-1953F4F5D675}.Debug|Any CPU.ActiveCfg = Debug|Any CPU
		{8528AC28-C074-4221-B0B6-1953F4F5D675}.Debug|Any CPU.Build.0 = Debug|Any CPU
		{8528AC28-C074-4221-B0B6-1953F4F5D675}.Release|Any CPU.ActiveCfg = Release|Any CPU
		{8528AC28-C074-4221-B0B6-1953F4F5D675}.Release|Any CPU.Build.0 = Release|Any CPU
	EndGlobalSection
	GlobalSection(SolutionProperties) = preSolution
		HideSolutionNode = FALSE
	EndGlobalSection
	GlobalSection(ExtensibilityGlobals) = postSolution
		SolutionGuid = {F672A68D-5308-4794-9B31-626B1A84C61D}
	EndGlobalSection
EndGlobal
